# channels:
#   - conda-forge
#   - nodefaults
# dependencies:
#   - ansi2html
#   - autodoc-traits
#   - black-jupyter
#   - bqplot
#   - conda-forge/label/robotframework_jupyterlibrary_alpha::robotframework-jupyterlibrary
#     >=0.5.0a0
#   - docutils >=0.19
#   - doit-with-toml
#   - firefox =102
#   - flit >=3.9.0,<4
#   - geckodriver
#   - git
#   - importnb
#   - ipydatagrid
#   - ipylab >=0.7.0
#   - ipywidgets >=8.0.0
#   - jake
#   - jupyter_server >=2.2.1
#   - jupyterlab >=3,<4
#   - jupyterlab >=3.6.4,<3.7
#   - jupyterlab-deck
#   - jupyterlab-link-share
#   - jupyterlite-core ==0.1.0
#   - jupyterlite-core-with-libarchive
#   - jupyterlite-pyodide-kernel ==0.0.8
#   - keyring
#   - lxml
#   - m2-dos2unix
#   - mdit-py-plugins <0.4.0
#   - mypy >=1.0.0
#   - myst-nb
#   - nbqa
#   - nbstripout
#   - networkx
#   - nodejs >=18,<19
#   - numcodecs
#   - orjson
#   - packaging >=22.0
#   - pandas
#   - pip
#   - pydata-sphinx-theme
#   - pyproject-fmt !=0.9.1
#   - pytest-asyncio
#   - pytest-check-links
#   - pytest-cov
#   - pytest-html
#   - pytest-json-report
#   - pytest-xdist
#   - python >=3.11,<3.12
#   - python >=3.8,<3.12
#   - python-dotenv
#   - requests-cache
#   - robotframework-pabot
#   - robotframework-robocop
#   - robotframework-tidy >=3.4.0
#   - ruff
#   - scour
#   - selenium <4.10.0
#   - sphinx
#   - sphinx-autobuild
#   - sphinx-autodoc-typehints
#   - sphinx-copybutton
#   - ssort
#   - stringcase
#   - tomli
#   - traittypes
#   - twine

@EXPLICIT
https://conda.anaconda.org/conda-forge/win-64/ca-certificates-2023.5.7-h56e8100_0.conda#604212634bd8c4d6f20d44b946e8eedb
https://conda.anaconda.org/conda-forge/win-64/git-2.41.0-h57928b3_0.conda#6ad2879ed11a07df902a61334082c721
https://conda.anaconda.org/conda-forge/win-64/intel-openmp-2023.1.0-h57928b3_46319.conda#dbc4636f419722fbf3ab6501377228ba
https://conda.anaconda.org/conda-forge/win-64/libexpat-2.5.0-h63175ca_1.conda#636cc3cbbd2e28bcfd2f73b2044aac2c
https://conda.anaconda.org/conda-forge/win-64/msys2-conda-epoch-20160418-1.tar.bz2#b0309b72560df66f71a9d5e34a5efdfa
https://conda.anaconda.org/conda-forge/win-64/nodejs-18.16.1-h57928b3_0.conda#8ceddf0826beb0b7730e89b2065d5b7e
https://conda.anaconda.org/conda-forge/win-64/pandoc-3.1.3-h57928b3_0.conda#5185086e0662a98ae366212b5bef1af0
https://conda.anaconda.org/conda-forge/win-64/python_abi-3.11-3_cp311.conda#fd1634ba85cfea9376e1fc02d6f592e9
https://conda.anaconda.org/conda-forge/noarch/tzdata-2023c-h71feb2d_0.conda#939e3e74d8be4dac89ce83b20de2492a
https://conda.anaconda.org/conda-forge/win-64/ucrt-10.0.22621.0-h57928b3_0.tar.bz2#72608f6cd3e5898229c3ea16deb1ac43
https://conda.anaconda.org/conda-forge/win-64/winpty-0.4.3-4.tar.bz2#1cee351bf20b830d991dbe0bc8cd7dfe
https://conda.anaconda.org/conda-forge/win-64/m2-msys2-runtime-2.5.0.17080.65c939c-3.tar.bz2#ce25c58bc90071bf71f3d472cb8dfbce
https://conda.anaconda.org/conda-forge/win-64/vc14_runtime-14.36.32532-hfdfe4a8_17.conda#91c1ecaf3996889532fc0456178b1058
https://conda.anaconda.org/conda-forge/win-64/m2-gcc-libs-5.3.0-4.tar.bz2#51f9bee002e596f14e31c4f528f1fe6c
https://conda.anaconda.org/conda-forge/win-64/vc-14.3-h64f974e_17.conda#67ff6791f235bb606659bf2a5c169191
https://conda.anaconda.org/conda-forge/win-64/vs2015_runtime-14.36.32532-h05e6639_17.conda#4618046c39f7c81861e53ded842e738a
https://conda.anaconda.org/conda-forge/win-64/bzip2-1.0.8-h8ffe710_4.tar.bz2#7c03c66026944073040cb19a4f3ec3c9
https://conda.anaconda.org/conda-forge/win-64/firefox-102.13.0esr-h63175ca_0.conda#a1baad1ee4cfd8e3dbb70ad8ecff4d7a
https://conda.anaconda.org/conda-forge/win-64/geckodriver-0.33.0-h611cf2b_0.conda#e5ad5ec7f6140c1fdf9bd2a7927a4f91
https://conda.anaconda.org/conda-forge/win-64/libffi-3.4.2-h8ffe710_5.tar.bz2#2c96d1b6915b408893f9472569dee135
https://conda.anaconda.org/conda-forge/win-64/libiconv-1.17-h8ffe710_0.tar.bz2#050119977a86e4856f0416e2edcf81bb
https://conda.anaconda.org/conda-forge/win-64/libsodium-1.0.18-h8d14728_1.tar.bz2#5c1fb45b5e2912c19098750ae8a32604
https://conda.anaconda.org/conda-forge/win-64/libsqlite-3.42.0-hcfcfb64_0.conda#9a71d93deb99cc09d8939d5235b5909a
https://conda.anaconda.org/conda-forge/win-64/libzlib-1.2.13-hcfcfb64_5.conda#5fdb9c6a113b6b6cb5e517fd972d5f41
https://conda.anaconda.org/conda-forge/win-64/lz4-c-1.9.4-hcfcfb64_0.conda#e34720eb20a33fc3bfb8451dd837ab7a
https://conda.anaconda.org/conda-forge/win-64/lzo-2.10-he774522_1000.tar.bz2#d5cf4b7eaa52316f135eed9e8548ad57
https://conda.anaconda.org/conda-forge/win-64/m2-libiconv-1.14-3.tar.bz2#059d5bccb119e0e239412c2f88273155
https://conda.anaconda.org/conda-forge/win-64/openssl-3.1.1-hcfcfb64_1.conda#1d913a5de46c6b2f7e4cfbd26b106b8b
https://conda.anaconda.org/conda-forge/win-64/pthreads-win32-2.9.1-hfa6e2cd_3.tar.bz2#e2da8758d7d51ff6aa78a14dfb9dbed4
https://conda.anaconda.org/conda-forge/win-64/tk-8.6.12-h8ffe710_0.tar.bz2#c69a5047cc9291ae40afd4a1ad6f0c0f
https://conda.anaconda.org/conda-forge/win-64/xz-5.2.6-h8d14728_0.tar.bz2#515d77642eaa3639413c6b1bc3f94219
https://conda.anaconda.org/conda-forge/win-64/yaml-0.2.5-h8ffe710_2.tar.bz2#adbfb9f45d1004a26763652246a33764
https://conda.anaconda.org/conda-forge/win-64/libxml2-2.11.4-hc3477c8_0.conda#586627982a63815637f871a6360fe3f9
https://conda.anaconda.org/conda-forge/win-64/m2-libintl-0.19.7-4.tar.bz2#bfe5803477f36865cd307b1285bd4209
https://conda.anaconda.org/conda-forge/win-64/python-3.11.4-h2628c8c_0_cpython.conda#3187a32fba79e835f099ecea054026f4
https://conda.anaconda.org/conda-forge/win-64/zeromq-4.3.4-h0e60522_1.tar.bz2#e1aff0583dda5fb917eb3d2c1025aa80
https://conda.anaconda.org/conda-forge/win-64/zstd-1.5.2-h12be248_7.conda#f3c3879d8cda1c5a6885435dd48a470e
https://conda.anaconda.org/conda-forge/noarch/aiofiles-22.1.0-pyhd8ed1ab_0.tar.bz2#a88c206fdb78e34adb1c4081f5f838dd
https://conda.anaconda.org/conda-forge/noarch/alabaster-0.7.13-pyhd8ed1ab_0.conda#06006184e203b61d3525f90de394471e
https://conda.anaconda.org/conda-forge/noarch/attrs-23.1.0-pyh71513ae_1.conda#3edfead7cedd1ab4400a6c588f3e75f8
https://conda.anaconda.org/conda-forge/noarch/backcall-0.2.0-pyh9f0ad1d_0.tar.bz2#6006a6d08a3fa99268a2681c7fb55213
https://conda.anaconda.org/conda-forge/noarch/backports-1.0-pyhd8ed1ab_3.conda#54ca2e08b3220c148a1d8329c2678e02
https://conda.anaconda.org/conda-forge/win-64/brotli-python-1.0.9-py311h12c1d0e_9.conda#e3f916714f59b88acb5d3c9d83b6f44a
https://conda.anaconda.org/conda-forge/noarch/certifi-2023.5.7-pyhd8ed1ab_0.conda#5d1b71c942b8421285934dad1d891ebc
https://conda.anaconda.org/conda-forge/noarch/charset-normalizer-3.2.0-pyhd8ed1ab_0.conda#313516e9a4b08b12dfb1e1cd390a96e3
https://conda.anaconda.org/conda-forge/noarch/cloudpickle-2.2.1-pyhd8ed1ab_0.conda#b325bfc4cff7d7f8a868f1f7ecc4ed16
https://conda.anaconda.org/conda-forge/noarch/colorama-0.4.6-pyhd8ed1ab_0.tar.bz2#3faab06a954c2a04039983f2c4a50d99
https://conda.anaconda.org/conda-forge/noarch/dataclasses-0.8-pyhc8e2a94_3.tar.bz2#a362b2124b06aad102e2ee4581acee7d
https://conda.anaconda.org/conda-forge/win-64/debugpy-1.6.7-py311h12c1d0e_0.conda#b056c7299be929b711016d2f4e48d303
https://conda.anaconda.org/conda-forge/noarch/decorator-5.1.1-pyhd8ed1ab_0.tar.bz2#43afe5ab04e35e17ba28649471dd7364
https://conda.anaconda.org/conda-forge/noarch/defusedxml-0.7.1-pyhd8ed1ab_0.tar.bz2#961b3a227b437d82ad7054484cfa71b2
https://conda.anaconda.org/conda-forge/win-64/docutils-0.19-py311h1ea47a8_1.tar.bz2#52b2142036004451e1881d97e9d01e8a
https://conda.anaconda.org/conda-forge/noarch/entrypoints-0.4-pyhd8ed1ab_0.tar.bz2#3cf04868fee0a029769bd41f4b2fbf2d
https://conda.anaconda.org/conda-forge/noarch/exceptiongroup-1.1.2-pyhd8ed1ab_0.conda#de4cb3384374e1411f0454edcf546cdb
https://conda.anaconda.org/conda-forge/noarch/execnet-2.0.2-pyhd8ed1ab_0.conda#67de0d8241e1060a479e3c37793e26f9
https://conda.anaconda.org/conda-forge/noarch/executing-1.2.0-pyhd8ed1ab_0.tar.bz2#4c1bc140e2be5c8ba6e3acab99e25c50
https://conda.anaconda.org/conda-forge/noarch/flit-core-3.9.0-pyhd8ed1ab_0.conda#e8cfceef004266b259604c3faa2a0191
https://conda.anaconda.org/conda-forge/noarch/future-0.18.3-pyhd8ed1ab_0.conda#fec8329fc739090f26a7d7803db254f1
https://conda.anaconda.org/conda-forge/noarch/gast-0.4.0-pyh9f0ad1d_0.tar.bz2#42323c77b73462199fca93bc8ac9279d
https://conda.anaconda.org/conda-forge/win-64/greenlet-2.0.2-py311h12c1d0e_1.conda#07ff18c128d8f3cea2d077a431658456
https://conda.anaconda.org/conda-forge/noarch/idna-3.4-pyhd8ed1ab_0.tar.bz2#34272b248891bddccc64479f9a7fffed
https://conda.anaconda.org/conda-forge/noarch/imagesize-1.4.1-pyhd8ed1ab_0.tar.bz2#7de5386c8fea29e76b303f37dde4c352
https://conda.anaconda.org/conda-forge/noarch/importnb-2023.1.7-pyhd8ed1ab_0.conda#4ff1d5888b17056732615d7975c254dd
https://conda.anaconda.org/conda-forge/noarch/iniconfig-2.0.0-pyhd8ed1ab_0.conda#f800d2da156d08e289b14e87e43c1ae5
https://conda.anaconda.org/conda-forge/noarch/ipython_genutils-0.2.0-py_1.tar.bz2#5071c982548b3a20caf70462f04f5287
https://conda.anaconda.org/conda-forge/noarch/itsdangerous-2.1.2-pyhd8ed1ab_0.tar.bz2#3c3de74912f11d2b590184f03c7cd09b
https://conda.anaconda.org/conda-forge/noarch/json5-0.9.14-pyhd8ed1ab_0.conda#dac1dabba2b5a9d1aee175c5fcc7b436
https://conda.anaconda.org/conda-forge/noarch/jupyterlab_widgets-3.0.8-pyhd8ed1ab_0.conda#2bc3ca2f7387af385dd06706b4fb2d35
https://conda.anaconda.org/conda-forge/win-64/libarchive-3.6.2-h6f8411a_1.conda#314124476882f64abc20b76148d2909b
https://conda.anaconda.org/conda-forge/win-64/libhwloc-2.9.1-nocuda_h15da153_6.conda#95b1bd8df3033d08ae5125ed69d71194
https://conda.anaconda.org/conda-forge/win-64/libxslt-1.1.37-h6070c61_1.conda#b9ed82b82e2f292f75f1af56f35f8c9f
https://conda.anaconda.org/conda-forge/win-64/m2-dos2unix-7.3.3-2.tar.bz2#978a12148b0ec1954a8bec9259c32b0d
https://conda.anaconda.org/conda-forge/win-64/markupsafe-2.1.3-py311ha68e1ae_0.conda#db2c2f72a83bdc5b70947964e1ddc8bb
https://conda.anaconda.org/conda-forge/noarch/mdurl-0.1.0-pyhd8ed1ab_0.tar.bz2#f8dab71fdc13b1bf29a01248b156d268
https://conda.anaconda.org/conda-forge/noarch/mistune-3.0.0-pyhd8ed1ab_0.conda#c7d0ea64c37752ecbe6da458aee662d2
https://conda.anaconda.org/conda-forge/noarch/more-itertools-9.1.0-pyhd8ed1ab_0.conda#1698a717f83cfecf644a877c174c84bd
https://conda.anaconda.org/conda-forge/win-64/msgpack-python-1.0.5-py311h005e61a_0.conda#01a252f384a5d1ad338cff1184d9a9c0
https://conda.anaconda.org/conda-forge/noarch/mypy_extensions-1.0.0-pyha770c72_0.conda#4eccaeba205f0aed9ac3a9ea58568ca3
https://conda.anaconda.org/conda-forge/noarch/natsort-8.4.0-pyhd8ed1ab_0.conda#70959cd1db3cf77b2a27a0836cfd08a7
https://conda.anaconda.org/conda-forge/noarch/nest-asyncio-1.5.6-pyhd8ed1ab_0.tar.bz2#7b868f21adde0d9b8b38f9c16836589b
https://conda.anaconda.org/conda-forge/noarch/networkx-3.1-pyhd8ed1ab_0.conda#254f787d5068bc89f578bf63893ce8b4
https://conda.anaconda.org/conda-forge/win-64/orjson-3.9.2-py311h5443569_0.conda#83a4bff494a62d1a3f27f4770fe2892b
https://conda.anaconda.org/conda-forge/noarch/packageurl-python-0.9.9-pyhd8ed1ab_0.tar.bz2#a02266c231e5c7b36fbe769dcee61d69
https://conda.anaconda.org/conda-forge/noarch/packaging-23.1-pyhd8ed1ab_0.conda#91cda59e66e1e4afe9476f8ef98f5c30
https://conda.anaconda.org/conda-forge/noarch/pandocfilters-1.5.0-pyhd8ed1ab_0.tar.bz2#457c2c8c08e54905d6954e79cb5b5db9
https://conda.anaconda.org/conda-forge/noarch/parso-0.8.3-pyhd8ed1ab_0.tar.bz2#17a565a0c3899244e938cdf417e7b094
https://conda.anaconda.org/conda-forge/noarch/pathspec-0.11.1-pyhd8ed1ab_0.conda#dbb80d1e8dc2dba5c8b106dc0768ad45
https://conda.anaconda.org/conda-forge/noarch/pickleshare-0.7.5-py_1003.tar.bz2#415f0ebb6198cc2801c73438a9fb5761
https://conda.anaconda.org/conda-forge/noarch/pkginfo-1.9.6-pyhd8ed1ab_0.conda#be1e9f1c65a1ed0f2ae9352fec99db64
https://conda.anaconda.org/conda-forge/noarch/pkgutil-resolve-name-1.3.10-pyhd8ed1ab_0.tar.bz2#89e3c7cdde7d3aaa2aee933b604dd07f
https://conda.anaconda.org/conda-forge/noarch/pluggy-1.2.0-pyhd8ed1ab_0.conda#7263924c642d22e311d9e59b839f1b33
https://conda.anaconda.org/conda-forge/noarch/polling2-0.5.0-pyhd8ed1ab_0.tar.bz2#0b383f3aad5d47a5147ed3803e0817ca
https://conda.anaconda.org/conda-forge/noarch/prometheus_client-0.17.1-pyhd8ed1ab_0.conda#02153b6b760bbec00cfe9e4c97993d06
https://conda.anaconda.org/conda-forge/win-64/psutil-5.9.5-py311ha68e1ae_0.conda#f1a1eecd1bb4f431df5b9b6d8a152efd
https://conda.anaconda.org/conda-forge/noarch/pure_eval-0.2.2-pyhd8ed1ab_0.tar.bz2#6784285c7e55cb7212efabc79e4c2883
https://conda.anaconda.org/conda-forge/noarch/py-1.11.0-pyh6c4a22f_0.tar.bz2#b4613d7e7a493916d867842a6a148054
https://conda.anaconda.org/conda-forge/noarch/pycodestyle-2.10.0-pyhd8ed1ab_0.conda#89843e4cc99c6a3fe5f4c86994cc8410
https://conda.anaconda.org/conda-forge/noarch/pycparser-2.21-pyhd8ed1ab_0.tar.bz2#076becd9e05608f8dc72757d5f3a91ff
https://conda.anaconda.org/conda-forge/noarch/pygments-2.15.1-pyhd8ed1ab_0.conda#d316679235612869eba305aa7d41d9bf
https://conda.anaconda.org/conda-forge/noarch/pyparsing-3.1.0-pyhd8ed1ab_0.conda#d3ed087d1f7f8f5590e8e87b57a8ce64
https://conda.anaconda.org/conda-forge/noarch/python-fastjsonschema-2.17.1-pyhd8ed1ab_0.conda#dd4f393d857e9283eef2442234bd05e3
https://conda.anaconda.org/conda-forge/noarch/python-json-logger-2.0.7-pyhd8ed1ab_0.conda#a61bf9ec79426938ff785eb69dbb1960
https://conda.anaconda.org/conda-forge/noarch/python-tzdata-2023.3-pyhd8ed1ab_0.conda#2590495f608a63625e165915fb4e2e34
https://conda.anaconda.org/conda-forge/noarch/pytz-2023.3-pyhd8ed1ab_0.conda#d3076b483092a435832603243567bc31
https://conda.anaconda.org/conda-forge/win-64/pywin32-304-py311h12c1d0e_2.tar.bz2#20a2d8e73b0be8e27ca4096d4f3a7053
https://conda.anaconda.org/conda-forge/win-64/pywin32-ctypes-0.2.2-py311h1ea47a8_0.conda#93204e67d63d9ea4ef2b878172222b74
https://conda.anaconda.org/conda-forge/win-64/pywinpty-2.0.11-py311h12c1d0e_0.conda#dd979ef7f5a96b0a607dbfe6d5028fef
https://conda.anaconda.org/conda-forge/win-64/pyyaml-6.0-py311ha68e1ae_5.tar.bz2#0c97d59d54eb52e170224b3de6ade906
https://conda.anaconda.org/conda-forge/win-64/pyzmq-25.1.0-py311h7b3f143_0.conda#b690f6e1878ccc98e96a33658867e8e1
https://conda.anaconda.org/conda-forge/noarch/rfc3986-2.0.0-pyhd8ed1ab_0.tar.bz2#d337886e38f965bf97aaec382ff6db00
https://conda.anaconda.org/conda-forge/noarch/rfc3986-validator-0.1.1-pyh9f0ad1d_0.tar.bz2#912a71cc01012ee38e6b90ddd561e36f
https://conda.anaconda.org/conda-forge/noarch/robotframework-6.1-pyhd8ed1ab_0.conda#e383bebdc0d8fea4ecf9c9e01d0959fe
https://conda.anaconda.org/conda-forge/win-64/rpds-py-0.8.11-py311hc37eb10_0.conda#1550f0f6d8c24b2c63ceafa1aab2b238
https://conda.anaconda.org/conda-forge/win-64/ruff-0.0.278-py311hc14472d_0.conda#b08a88ea3efc302641e0b4463bbf6ed6
https://conda.anaconda.org/conda-forge/noarch/setuptools-68.0.0-pyhd8ed1ab_0.conda#5a7739d0f57ee64133c9d32e6507c46d
https://conda.anaconda.org/conda-forge/noarch/six-1.16.0-pyh6c4a22f_0.tar.bz2#e5f25f8dbc060e9a8d912e432202afc2
https://conda.anaconda.org/conda-forge/noarch/sniffio-1.3.0-pyhd8ed1ab_0.tar.bz2#dd6cbc539e74cb1f430efbd4575b9303
https://conda.anaconda.org/conda-forge/noarch/snowballstemmer-2.2.0-pyhd8ed1ab_0.tar.bz2#4d22a9315e78c6827f806065957d566e
https://conda.anaconda.org/conda-forge/noarch/sortedcontainers-2.4.0-pyhd8ed1ab_0.tar.bz2#6d6552722448103793743dabfbda532d
https://conda.anaconda.org/conda-forge/noarch/soupsieve-2.3.2.post1-pyhd8ed1ab_0.tar.bz2#146f4541d643d48fc8a75cacf69f03ae
https://conda.anaconda.org/conda-forge/noarch/sphinxcontrib-applehelp-1.0.4-pyhd8ed1ab_0.conda#5a31a7d564f551d0e6dff52fd8cb5b16
https://conda.anaconda.org/conda-forge/noarch/sphinxcontrib-devhelp-1.0.2-py_0.tar.bz2#68e01cac9d38d0e717cd5c87bc3d2cc9
https://conda.anaconda.org/conda-forge/noarch/sphinxcontrib-htmlhelp-2.0.1-pyhd8ed1ab_0.conda#6c8c4d6eb2325e59290ac6dbbeacd5f0
https://conda.anaconda.org/conda-forge/noarch/sphinxcontrib-jsmath-1.0.1-py_0.tar.bz2#67cd9d9c0382d37479b4d306c369a2d4
https://conda.anaconda.org/conda-forge/noarch/sphinxcontrib-qthelp-1.0.3-py_0.tar.bz2#d01180388e6d1838c3e1ad029590aa7a
https://conda.anaconda.org/conda-forge/noarch/sphinxcontrib-serializinghtml-1.1.5-pyhd8ed1ab_2.tar.bz2#9ff55a0901cf952f05c654394de76bf7
https://conda.anaconda.org/conda-forge/noarch/stringcase-1.2.0-py_0.tar.bz2#26a9caf3173939377bac7152379daac0
https://conda.anaconda.org/conda-forge/noarch/tabulate-0.9.0-pyhd8ed1ab_1.tar.bz2#4759805cce2d914c38472f70bf4d8bcb
https://conda.anaconda.org/conda-forge/noarch/tinydb-4.8.0-pyhd8ed1ab_0.conda#52c5c2d7ba342e3a62f94e645dacc940
https://conda.anaconda.org/conda-forge/noarch/tokenize-rt-5.1.0-pyhd8ed1ab_0.conda#9983e5e4f91efbe839c137d51688da60
https://conda.anaconda.org/conda-forge/noarch/toml-0.10.2-pyhd8ed1ab_0.tar.bz2#f832c45a477c78bebd107098db465095
https://conda.anaconda.org/conda-forge/noarch/tomli-2.0.1-pyhd8ed1ab_0.tar.bz2#5844808ffab9ebdb694585b50ba02a96
https://conda.anaconda.org/conda-forge/noarch/tomli-w-1.0.0-pyhd8ed1ab_0.tar.bz2#73506d1ab4202481841c68c169b7ef6c
https://conda.anaconda.org/conda-forge/noarch/tomlkit-0.11.8-pyha770c72_0.conda#75838e8556166263a82038b51d01d5f1
https://conda.anaconda.org/conda-forge/win-64/tornado-6.3.2-py311ha68e1ae_0.conda#e2a6c106c1cff7e884d93351cdee3c3e
https://conda.anaconda.org/conda-forge/noarch/traitlets-5.9.0-pyhd8ed1ab_0.conda#d0b4f5c87cd35ac3fb3d47b223263a64
https://conda.anaconda.org/conda-forge/noarch/types-docutils-0.20.0.1-pyhd8ed1ab_0.conda#113839f783e42733ec5cb243989ef9f1
https://conda.anaconda.org/conda-forge/noarch/types-pyyaml-5.4.12-pyhd8ed1ab_0.tar.bz2#efd73a6664edb11d09c52fb05356f0bf
https://conda.anaconda.org/conda-forge/noarch/types-urllib3-1.26.25.13-pyhd8ed1ab_0.conda#9a73576dfe2f764c431347b9dc35a3fc
https://conda.anaconda.org/conda-forge/noarch/typing_extensions-4.7.1-pyha770c72_0.conda#c39d6a09fe819de4951c2642629d9115
https://conda.anaconda.org/conda-forge/noarch/typing_utils-0.1.0-pyhd8ed1ab_0.tar.bz2#eb67e3cace64c66233e2d35949e20f92
https://conda.anaconda.org/conda-forge/win-64/ujson-5.7.0-py311h12c1d0e_0.conda#fd194cb1a5c8a838987032a370ba92d8
https://conda.anaconda.org/conda-forge/noarch/webencodings-0.5.1-py_1.tar.bz2#3563be4c5611a44210d9ba0c16113136
https://conda.anaconda.org/conda-forge/noarch/websocket-client-1.6.1-pyhd8ed1ab_0.conda#c34d9325a609381a0b0e8a5b4f325147
https://conda.anaconda.org/conda-forge/noarch/wheel-0.40.0-pyhd8ed1ab_1.conda#c95fac682453aeffa12db7ae5a721bec
https://conda.anaconda.org/conda-forge/noarch/widgetsnbextension-4.0.8-pyhd8ed1ab_0.conda#2e9ebddf0b93d0fb203d0906b8052c4f
https://conda.anaconda.org/conda-forge/noarch/win_inet_pton-1.1.0-pyhd8ed1ab_6.tar.bz2#30878ecc4bd36e8deeea1e3c151b2e0b
https://conda.anaconda.org/conda-forge/win-64/y-py-0.5.9-py311hc37eb10_0.conda#c16da06cd2c39bba7391076fd64024d8
https://conda.anaconda.org/conda-forge/noarch/zipp-3.16.2-pyhd8ed1ab_0.conda#2da0451b54c4563c32490cb1b7cf68a1
https://conda.anaconda.org/conda-forge/noarch/accessible-pygments-0.0.4-pyhd8ed1ab_0.conda#46a2e6e3dfa718ce3492018d5a110dd6
https://conda.anaconda.org/conda-forge/win-64/ansi2html-1.8.0-py311h1ea47a8_1.tar.bz2#37eaf0b4baf7aa03a7d38339c31db411
https://conda.anaconda.org/conda-forge/noarch/anyio-3.6.1-pyhd8ed1ab_1.tar.bz2#d65ef75084f8adbadb696dfd91148e79
https://conda.anaconda.org/conda-forge/noarch/asttokens-2.2.1-pyhd8ed1ab_0.conda#bf7f54dd0f25c3f06ecb82a07341841a
https://conda.anaconda.org/conda-forge/noarch/autopep8-2.0.2-pyhd8ed1ab_0.conda#e21ecb8bff82ba3bb589904ca97582b6
https://conda.anaconda.org/conda-forge/noarch/babel-2.12.1-pyhd8ed1ab_1.conda#ac432e732804a81ddcf29c92ead57cde
https://conda.anaconda.org/conda-forge/noarch/backports.functools_lru_cache-1.6.5-pyhd8ed1ab_0.conda#6b1b907661838a75d067a22f87996b2e
https://conda.anaconda.org/conda-forge/noarch/beautifulsoup4-4.12.2-pyha770c72_0.conda#a362ff7d976217f8fa78c0f1c4f59717
https://conda.anaconda.org/conda-forge/noarch/bleach-6.0.0-pyhd8ed1ab_0.conda#d48b143d01385872a88ef8417e96c30e
https://conda.anaconda.org/conda-forge/noarch/cattrs-23.1.2-pyhd8ed1ab_0.conda#e554f60477143949704bf470f66a81e7
https://conda.anaconda.org/conda-forge/win-64/cffi-1.15.1-py311h7d9ee11_3.conda#a8524727eb956b4741e25a64af79edb8
https://conda.anaconda.org/conda-forge/noarch/click-8.1.5-win_pyh7428d3b_0.conda#e04d94cb02f7938996e31e330f2d0263
https://conda.anaconda.org/conda-forge/noarch/comm-0.1.3-pyhd8ed1ab_0.conda#168ae0f82cdf7505048e81054c7354e4
https://conda.anaconda.org/conda-forge/noarch/commonmark-0.9.1-py_0.tar.bz2#6aa0173c14befcd577ded130cf6f22f5
https://conda.anaconda.org/conda-forge/win-64/coverage-7.2.7-py311ha68e1ae_0.conda#b3a60b6bb264fe70896de40fa392edf6
https://conda.anaconda.org/conda-forge/noarch/h11-0.14.0-pyhd8ed1ab_0.tar.bz2#b21ed0883505ba1910994f1df031a428
https://conda.anaconda.org/conda-forge/noarch/html5lib-1.1-pyh9f0ad1d_0.tar.bz2#b2355343d6315c892543200231d7154a
https://conda.anaconda.org/conda-forge/noarch/importlib-metadata-6.8.0-pyha770c72_0.conda#4e9f59a060c3be52bc4ddc46ee9b6946
https://conda.anaconda.org/conda-forge/noarch/importlib_resources-6.0.0-pyhd8ed1ab_1.conda#a08b6be5bf18b9d2a927d3457750f82e
https://conda.anaconda.org/conda-forge/noarch/jaraco.classes-3.3.0-pyhd8ed1ab_0.conda#e9f79248d30e942f7c358ff21a1790f5
https://conda.anaconda.org/conda-forge/noarch/jedi-0.18.2-pyhd8ed1ab_0.conda#b5e695ef9c3f0d27d6cd96bf5adc9e07
https://conda.anaconda.org/conda-forge/noarch/jinja2-3.1.2-pyhd8ed1ab_1.tar.bz2#c8490ed5c70966d232fdd389d0dbed37
https://conda.anaconda.org/conda-forge/noarch/jupyterlab_pygments-0.2.2-pyhd8ed1ab_0.tar.bz2#243f63592c8e449f40cd42eb5cf32f40
https://conda.anaconda.org/conda-forge/noarch/livereload-2.6.3-pyh9f0ad1d_0.tar.bz2#b7190e3ec3eff52839434bf4698e2d62
https://conda.anaconda.org/conda-forge/win-64/lxml-4.9.3-py311h750ae06_0.conda#109154a2e2b00c17f1c6e1680a0f6564
https://conda.anaconda.org/conda-forge/noarch/markdown-it-py-2.2.0-pyhd8ed1ab_0.conda#b2928a6c6d52d7e3562b4a59c3214e3a
https://conda.anaconda.org/conda-forge/noarch/matplotlib-inline-0.1.6-pyhd8ed1ab_0.tar.bz2#b21613793fcc81d944c76c9f2864a7de
https://conda.anaconda.org/conda-forge/win-64/mypy-1.4.1-py311ha68e1ae_0.conda#6d8c5eed03be56e4ceedee017d5edb83
https://conda.anaconda.org/conda-forge/noarch/outcome-1.2.0-pyhd8ed1ab_0.tar.bz2#3dbb9ece72652131f12d66e889da7c0a
https://conda.anaconda.org/conda-forge/noarch/overrides-7.3.1-pyhd8ed1ab_0.tar.bz2#a5745ced46e69aa9754053ba061974ab
https://conda.anaconda.org/conda-forge/noarch/pip-23.2-pyhd8ed1ab_0.conda#fb90dfe13ce16c0a3374e3d34e3291c5
https://conda.anaconda.org/conda-forge/noarch/pip-requirements-parser-32.0.1-pyhd8ed1ab_0.conda#a0efd67d53ab8c20c6020aa40e55bc15
https://conda.anaconda.org/conda-forge/noarch/py2vega-0.6.1-pyhd8ed1ab_0.tar.bz2#07594783f950301f5943e6d080ffb4eb
https://conda.anaconda.org/conda-forge/noarch/pyfiglet-0.8.post1-py_0.tar.bz2#e22d3c090f24856764e9d70e76fa3a5f
https://conda.anaconda.org/conda-forge/noarch/pyproject-fmt-0.13.0-pyhd8ed1ab_0.conda#30bf5ee7d6bf0a7a7eb79685b456ad1c
https://conda.anaconda.org/conda-forge/noarch/pysocks-1.7.1-pyh0701188_6.tar.bz2#56cd9fe388baac0e90c7149cfac95b60
https://conda.anaconda.org/conda-forge/noarch/pytest-7.4.0-pyhd8ed1ab_0.conda#3cfe9b9e958e7238a386933c75d190db
https://conda.anaconda.org/conda-forge/noarch/python-dateutil-2.8.2-pyhd8ed1ab_0.tar.bz2#dd999d1cc9f79e67dbb855c8924c7984
https://conda.anaconda.org/conda-forge/win-64/python-libarchive-c-5.0-py311h1ea47a8_1.conda#659bc6061b6dc9ef0436ee22d64e8ac2
https://conda.anaconda.org/conda-forge/noarch/referencing-0.29.3-pyhd8ed1ab_0.conda#a976176ef57de1dd8030e76b45c43b53
https://conda.anaconda.org/conda-forge/noarch/rfc3339-validator-0.1.4-pyhd8ed1ab_0.tar.bz2#fed45fc5ea0813240707998abe49f520
https://conda.anaconda.org/conda-forge/noarch/robotframework-pythonlibcore-4.2.0-pyhd8ed1ab_0.conda#c9e9064ab45ffb46f7a96834d9e7626d
https://conda.anaconda.org/conda-forge/noarch/robotframework-stacktrace-0.4.1-pyhd8ed1ab_0.tar.bz2#3dc788e294fd159537c931dbb964511e
https://conda.anaconda.org/conda-forge/noarch/scour-0.38.2-pyhd8ed1ab_0.tar.bz2#59d6742bdfe7b3d54c01c0d999e939f0
https://conda.anaconda.org/conda-forge/noarch/send2trash-1.8.2-pyh08f2357_0.conda#c00d32dfa733d381b6a1908d0d67e0d7
https://conda.anaconda.org/conda-forge/noarch/ssort-0.11.6-pyhd8ed1ab_0.tar.bz2#53729b150f41dd6ae004ce5854904659
https://conda.anaconda.org/conda-forge/win-64/tbb-2021.9.0-h91493d7_0.conda#6aa3f1becefeaa00a4d2a79b2a478aee
https://conda.anaconda.org/conda-forge/noarch/terminado-0.17.0-pyh08f2357_0.tar.bz2#0152a609d5748ed9887d195b1e61a6c9
https://conda.anaconda.org/conda-forge/noarch/tinycss2-1.2.1-pyhd8ed1ab_0.tar.bz2#7234c9eefff659501cd2fe0d2ede4d48
https://conda.anaconda.org/conda-forge/noarch/tqdm-4.65.0-pyhd8ed1ab_1.conda#ed792aff3acb977d09c7013358097f83
https://conda.anaconda.org/conda-forge/noarch/traittypes-0.2.1-pyh9f0ad1d_2.tar.bz2#7d32ccb5334a6822c28af3e864550618
https://conda.anaconda.org/conda-forge/noarch/types-requests-2.31.0.1-pyhd8ed1ab_0.conda#d4edae6cf0af5332243c2d995f5e8745
https://conda.anaconda.org/conda-forge/noarch/types-setuptools-68.0.0.2-pyhd8ed1ab_0.conda#a213e5fb34da68edbe036a86c9830add
https://conda.anaconda.org/conda-forge/noarch/typing-extensions-4.7.1-hd8ed1ab_0.conda#f96688577f1faa58096d06a45136afa2
https://conda.anaconda.org/conda-forge/noarch/url-normalize-1.4.3-pyhd8ed1ab_0.tar.bz2#7c4076e494f0efe76705154ac9302ba6
https://conda.anaconda.org/conda-forge/noarch/aiosqlite-0.19.0-pyhd8ed1ab_0.conda#c60a47f9f29057417165a8af579396a8
https://conda.anaconda.org/conda-forge/win-64/argon2-cffi-bindings-21.2.0-py311ha68e1ae_3.tar.bz2#c321cd825b72a2073dfb3f92ce1507fb
https://conda.anaconda.org/conda-forge/win-64/cmarkgfm-0.8.0-py311ha68e1ae_2.tar.bz2#206cb594ef199270b7e0d3d17aa87cbe
https://conda.anaconda.org/conda-forge/noarch/cyclonedx-python-lib-3.1.5-pyhd8ed1ab_0.conda#c979eaff5759cb6c8c91369b0ada1abc
https://conda.anaconda.org/conda-forge/noarch/doit-0.36.0-pyhd8ed1ab_0.tar.bz2#fc5e53d070f1ee7bb38c2ece282dcb82
https://conda.anaconda.org/conda-forge/noarch/importlib_metadata-6.8.0-hd8ed1ab_0.conda#b279b07ce18058034e5b3606ba103a8b
https://conda.anaconda.org/conda-forge/noarch/jsonschema-specifications-2023.6.1-pyhd8ed1ab_0.conda#f1c5c9ad5e7885a4c99d516fa4c791b4
https://conda.anaconda.org/conda-forge/noarch/jupyter_server_terminals-0.4.4-pyhd8ed1ab_1.conda#7c0965e1d4a0ee1529e8eaa03a78a5b3
https://conda.anaconda.org/conda-forge/noarch/mdit-py-plugins-0.3.5-pyhd8ed1ab_0.conda#9eeb66a24c8f6d950eb55a9f1128da20
https://conda.anaconda.org/conda-forge/win-64/mkl-2022.1.0-h6a75c08_874.tar.bz2#2ff89a7337a9636029b4db9466e9f8e3
https://conda.anaconda.org/conda-forge/noarch/platformdirs-3.8.1-pyhd8ed1ab_0.conda#e76070baecfaca6ecdb5fbd5af7c9309
https://conda.anaconda.org/conda-forge/noarch/pytest-asyncio-0.21.1-pyhd8ed1ab_0.conda#c8fd31da9b1059c4440f31f6ab4d620c
https://conda.anaconda.org/conda-forge/noarch/pytest-cov-4.1.0-pyhd8ed1ab_0.conda#06eb685a3a0b146347a58dda979485da
https://conda.anaconda.org/conda-forge/noarch/pytest-metadata-3.0.0-pyhd8ed1ab_1.conda#8bdcc0f401561213821bf67513abeeff
https://conda.anaconda.org/conda-forge/noarch/pytest-xdist-3.3.1-pyhd8ed1ab_0.conda#816073bb54ef59f33f0f26c14f88311b
https://conda.anaconda.org/conda-forge/noarch/python-dotenv-1.0.0-pyhd8ed1ab_0.conda#a94065a7cbac6b5630fb7e4801366b40
https://conda.anaconda.org/conda-forge/noarch/rich-10.16.2-pyhd8ed1ab_0.tar.bz2#06b0afa55cd119e243aea39b037c94ce
https://conda.anaconda.org/conda-forge/noarch/robotframework-pabot-2.16.0-pyhd8ed1ab_0.conda#d5cef1ba9df784f3d4633134a5e23b4e
https://conda.anaconda.org/conda-forge/win-64/sqlalchemy-2.0.19-py311ha68e1ae_0.conda#944762d7af313330f06b0475b2cc4853
https://conda.anaconda.org/conda-forge/noarch/stack_data-0.6.2-pyhd8ed1ab_0.conda#e7df0fdd404616638df5ece6e69ba7af
https://conda.anaconda.org/conda-forge/win-64/trio-0.22.2-py311h1ea47a8_0.conda#621bba80ba8161029c356642c8b0080a
https://conda.anaconda.org/conda-forge/noarch/urllib3-2.0.3-pyhd8ed1ab_1.conda#89efeecbb24c62e2f1ed0b8ca959ec69
https://conda.anaconda.org/conda-forge/noarch/wcwidth-0.2.6-pyhd8ed1ab_0.conda#078979d33523cb477bd1916ce41aacc9
https://conda.anaconda.org/conda-forge/noarch/wsproto-1.2.0-pyhd8ed1ab_0.tar.bz2#00ba804b54f451d102f6a7615f08470d
https://conda.anaconda.org/conda-forge/noarch/argon2-cffi-21.3.0-pyhd8ed1ab_0.tar.bz2#a0b402db58f73aaab8ee0ca1025a362e
https://conda.anaconda.org/conda-forge/win-64/black-23.7.0-py311h1ea47a8_1.conda#335ab55360386db3b594370694d3a22c
https://conda.anaconda.org/conda-forge/noarch/cyclonedx-bom-3.11.2-pyhd8ed1ab_0.conda#b28eefa008b71e68a7f2c625bb6dd0da
https://conda.anaconda.org/conda-forge/noarch/doit-with-toml-0.36.0-pyhd8ed1ab_0.tar.bz2#593faaa546937cfa071928c9127fcb12
https://conda.anaconda.org/conda-forge/noarch/jsonschema-4.18.4-pyhd8ed1ab_0.conda#7356151a32ebd9a20158d2f26d224bfa
https://conda.anaconda.org/conda-forge/win-64/jupyter_core-5.3.1-py311h1ea47a8_0.conda#6754e6f5ead86225c8c78825ff0398c9
https://conda.anaconda.org/conda-forge/noarch/jupyter_ydoc-0.2.4-pyhd8ed1ab_0.conda#be5d4633c1cc40343ed417153a184006
https://conda.anaconda.org/conda-forge/win-64/keyring-24.2.0-py311h1ea47a8_0.conda#6a5239529cb5af3437bdd24c1082c2eb
https://conda.anaconda.org/conda-forge/win-64/libblas-3.9.0-17_win64_mkl.conda#9e42ac6b256b96bfaa19f829c25940e8
https://conda.anaconda.org/conda-forge/noarch/prompt-toolkit-3.0.39-pyha770c72_0.conda#a4986c6bb5b0d05a38855b0880a5f425
https://conda.anaconda.org/conda-forge/noarch/pytest-html-3.2.0-pyhd8ed1ab_1.tar.bz2#d5c7a941dfbceaab4b172a56d7918eb0
https://conda.anaconda.org/conda-forge/noarch/pytest-json-report-1.5.0-pyhd8ed1ab_0.tar.bz2#837e335fa428cf7c784ee2e80594506c
https://conda.anaconda.org/conda-forge/noarch/readme_renderer-40.0-pyhd8ed1ab_0.conda#9ba2b509f6fe88364512caa9089ea886
https://conda.anaconda.org/conda-forge/noarch/requests-2.31.0-pyhd8ed1ab_0.conda#a30144e4156cdbb236f99ebb49828f8b
https://conda.anaconda.org/conda-forge/noarch/rich-click-1.6.1-pyhd8ed1ab_0.conda#59a168d82c582248859d8dc8075da6f6
https://conda.anaconda.org/conda-forge/noarch/robotframework-robocop-4.0.1-pyhd8ed1ab_0.conda#8ae87b8a24e3167fe71a8703ed7b202b
https://conda.anaconda.org/conda-forge/noarch/trio-websocket-0.10.3-pyhd8ed1ab_0.conda#51338d1133d8fed41796a581e974b22d
https://conda.anaconda.org/conda-forge/noarch/ypy-websocket-0.8.2-pyhd8ed1ab_0.conda#5ee5ad3af20138020065985de57f0711
https://conda.anaconda.org/conda-forge/noarch/flit-3.9.0-pyhd8ed1ab_0.conda#269513333bb3c273108404b7e618d827
https://conda.anaconda.org/conda-forge/noarch/jupyter_client-8.3.0-pyhd8ed1ab_0.conda#1d018ee4ab13217e2544f795eb0a6798
https://conda.anaconda.org/conda-forge/noarch/jupyter_events-0.6.3-pyhd8ed1ab_0.conda#d98c5196ab6ffeb0c2feca2912801353
https://conda.anaconda.org/conda-forge/noarch/jupyterlite-core-0.1.0-pyhd8ed1ab_0.conda#c848221f9bd434fb89fa992214e5e64a
https://conda.anaconda.org/conda-forge/win-64/libcblas-3.9.0-17_win64_mkl.conda#768b2c3be666ecf9e62f939ea919f819
https://conda.anaconda.org/conda-forge/win-64/liblapack-3.9.0-17_win64_mkl.conda#278121fe8f0d65d496998aa290f36322
https://conda.anaconda.org/conda-forge/noarch/nbformat-5.9.1-pyhd8ed1ab_0.conda#3ec35d84fc1775215061517eb4660693
https://conda.anaconda.org/conda-forge/noarch/ossindex-lib-1.1.1-pyhd8ed1ab_0.tar.bz2#11718ae7e5d0bd9987636caf9a58b968
https://conda.anaconda.org/conda-forge/noarch/prompt_toolkit-3.0.39-hd8ed1ab_0.conda#4bbbe67d5df19db30f04b8e344dc9976
https://conda.anaconda.org/conda-forge/noarch/requests-cache-1.1.0-pyhd8ed1ab_0.conda#57b89064c125bb9d0e533e018c3eb17a
https://conda.anaconda.org/conda-forge/noarch/requests-toolbelt-1.0.0-pyhd8ed1ab_0.conda#99c98318c8646b08cc764f90ce98906e
https://conda.anaconda.org/conda-forge/noarch/robotframework-tidy-4.4.0-pyhd8ed1ab_0.conda#e27606b585fe4780ffc3827f83c26b57
https://conda.anaconda.org/conda-forge/noarch/selenium-4.9.1-pyhd8ed1ab_0.conda#b3daee1b09922328cfa11b4761cf1adf
https://conda.anaconda.org/conda-forge/noarch/sphinx-5.3.0-pyhd8ed1ab_0.tar.bz2#f9e1fcfe235d655900bfeb6aee426472
https://conda.anaconda.org/conda-forge/noarch/autodoc-traits-1.1.0-pyhd8ed1ab_0.conda#66907045fcff46748e485201304cea80
https://conda.anaconda.org/conda-forge/noarch/ipython-8.14.0-pyh08f2357_0.conda#1fc684c1de5475383790ada5627c5430
https://conda.anaconda.org/conda-forge/noarch/jake-3.0.1-pyhd8ed1ab_0.conda#f719c7a0825a40e8032d071d2a47d9aa
https://conda.anaconda.org/conda-forge/noarch/jupyterlite-core-with-libarchive-0.1.0-pyhd8ed1ab_0.conda#3f852a733a6553ff1ad52e82be0c2a95
https://conda.anaconda.org/conda-forge/noarch/jupyterlite-pyodide-kernel-0.0.8-pyhd8ed1ab_0.conda#69de51ba70120084be1f6991020fa297
https://conda.anaconda.org/conda-forge/noarch/myst-parser-0.18.1-pyhd8ed1ab_0.tar.bz2#bcfdf5c7d8bf5c6f6be7b4c66fff2eca
https://conda.anaconda.org/conda-forge/noarch/nbclient-0.7.4-pyhd8ed1ab_0.conda#f7aa15f77d29b11caa1df1eb15383c59
https://conda.anaconda.org/conda-forge/noarch/nbstripout-0.6.1-pyhd8ed1ab_0.tar.bz2#53913d98739527409e0f3227ed7eef7d
https://conda.anaconda.org/conda-forge/win-64/numpy-1.25.1-py311h0b4df5a_0.conda#7ef5a38d3f927eb0086df4e9074241ec
https://conda.anaconda.org/conda-forge/noarch/pydata-sphinx-theme-0.13.3-pyhd8ed1ab_0.conda#07aca5f2dea315dcc16680d6891e9056
https://conda.anaconda.org/conda-forge/noarch/robotframework-seleniumlibrary-6.1.0-pyhd8ed1ab_1.conda#108e78e654611c3a35890ceee3b354fa
https://conda.anaconda.org/conda-forge/noarch/sphinx-autobuild-2021.3.14-pyhd8ed1ab_0.tar.bz2#1909f784dc37b4ab97afe2c95aeeabaa
https://conda.anaconda.org/conda-forge/noarch/sphinx-autodoc-typehints-1.21.8-pyhd8ed1ab_0.conda#21e2e0ea045848dcb0053b6cc67a7f7f
https://conda.anaconda.org/conda-forge/noarch/sphinx-copybutton-0.5.2-pyhd8ed1ab_0.conda#ac832cc43adc79118cf6e23f1f9b8995
https://conda.anaconda.org/conda-forge/noarch/twine-3.8.0-pyhd8ed1ab_0.tar.bz2#5d3c0f63166e57c20516b6fc2c1d1115
https://conda.anaconda.org/conda-forge/noarch/black-jupyter-23.7.0-hd8ed1ab_1.conda#88ba6437a2a19b09eef85deee6b6bb6e
https://conda.anaconda.org/conda-forge/noarch/ipykernel-6.24.0-pyh6817e22_0.conda#b5cd11cf19c739548e968c12e020c54d
https://conda.anaconda.org/conda-forge/noarch/jupyter-cache-0.6.1-pyhd8ed1ab_0.conda#2e360820ae68e3d28e1a5a9d2714ca5c
https://conda.anaconda.org/conda-forge/noarch/nbconvert-core-7.7.1-pyhd8ed1ab_0.conda#2b6b621a18ba9e95b33e43a05d8107ee
https://conda.anaconda.org/conda-forge/noarch/nbqa-1.7.0-pyhd8ed1ab_1.conda#65da1779c33b7fa51a0aba5c30758c5e
https://conda.anaconda.org/conda-forge/win-64/numcodecs-0.11.0-py311h12c1d0e_1.conda#9b66ec550742f950ba5fdc1fe650ce26
https://conda.anaconda.org/conda-forge/win-64/pandas-2.0.3-py311hf63dbb6_1.conda#45c4a4b94dd2321f5d8188567263190d
https://conda.anaconda.org/conda-forge/label/robotframework_jupyterlibrary_alpha/noarch/robotframework-jupyterlibrary-0.5.0a0-pyhbd01f6c_0.conda#ddf6944afacd8f2e8a87d0c6aa141f93
https://conda.anaconda.org/conda-forge/noarch/ipywidgets-8.0.7-pyhd8ed1ab_0.conda#4b0f4e8fe2a303e472674eae0340bdad
https://conda.anaconda.org/conda-forge/noarch/jupyter_server-2.7.0-pyhd8ed1ab_0.conda#7488cd1f4d35a2af96faa765b7e5b2f0
https://conda.anaconda.org/conda-forge/noarch/myst-nb-0.17.2-pyhd8ed1ab_0.conda#40190b7d06f86b63d28fa78aaa39c023
https://conda.anaconda.org/conda-forge/noarch/nbconvert-pandoc-7.7.1-pyhd8ed1ab_0.conda#6d88f9320ec0b513760a7fefcf95a36b
https://conda.anaconda.org/conda-forge/noarch/bqplot-0.12.40-pyhd8ed1ab_0.conda#b2007dbe60279cc2283d193ee32099b9
https://conda.anaconda.org/conda-forge/noarch/ipylab-0.7.1-pyhd8ed1ab_1.conda#fd19f67b01ac2ed4d6354c8ae732f889
https://conda.anaconda.org/conda-forge/noarch/jupyter_server_fileid-0.9.0-pyhd8ed1ab_0.conda#a12525b037a703d7f4512da737d700e6
https://conda.anaconda.org/conda-forge/noarch/jupyterlab_server-2.23.0-pyhd8ed1ab_0.conda#942aa06b962c7e507884c6fbeb4d1f7d
https://conda.anaconda.org/conda-forge/noarch/nbconvert-7.7.1-pyhd8ed1ab_0.conda#0a8519f8ccb8b499ca5a5e432b6eacad
https://conda.anaconda.org/conda-forge/noarch/notebook-shim-0.2.3-pyhd8ed1ab_0.conda#67e0fe74c156267d9159e9133df7fd37
https://conda.anaconda.org/conda-forge/noarch/ipydatagrid-1.1.16-pyhd8ed1ab_0.conda#0fbc366d2693efe3d34c76b484064549
https://conda.anaconda.org/conda-forge/noarch/jupyter_server_ydoc-0.8.0-pyhd8ed1ab_0.conda#780280d42fbcb2eaf654a6ba7a3e5bb5
https://conda.anaconda.org/conda-forge/noarch/nbclassic-1.0.0-pyhb4ecaf3_1.conda#a0be31e9bd84d6eae87cdbf74c56b90b
https://conda.anaconda.org/conda-forge/noarch/pytest-check-links-0.9.0-pyhd8ed1ab_0.conda#4550df05ab485aac5c0d25427104b0c8
https://conda.anaconda.org/conda-forge/noarch/notebook-6.5.4-pyha770c72_0.conda#ec4ce3ce0a55ce21b6f5b86049b97af9
https://conda.anaconda.org/conda-forge/noarch/jupyterlab-3.6.5-pyhd8ed1ab_0.conda#82299e1d33c6f130688f90880e6b3b4f
https://conda.anaconda.org/conda-forge/noarch/jupyterlab-fonts-2.1.1-pyhd8ed1ab_0.tar.bz2#fc28d40ad8ffa770a870d3c30eac09f2
https://conda.anaconda.org/conda-forge/noarch/jupyterlab-link-share-0.3.0-pyhd8ed1ab_0.conda#a4dba368117eb46c44b47097479fa693
https://conda.anaconda.org/conda-forge/noarch/jupyterlab-deck-0.1.3-pyhd8ed1ab_0.tar.bz2#79affb7b10399c1ad5705f7ac18c94f3
