{"./lib/index.js":9717,"./lib/plugin.js":8709,"./lib/template-utils.js":3295,"./lib/theme-utils.js":4784,"./lib/tokens.js":9187,"./lib/widgets/index.js":7295,"./lib/widgets/serializers/dataframe.js":132,"./lib/widgets/serializers/widget.js":22,"./node_modules/@bokuweb/zstd-wasm/dist/web/index.web.js":2562,"./node_modules/@bokuweb/zstd-wasm/dist/web/wasm/zstd.js":7965,"./node_modules/@bokuweb/zstd-wasm/dist/web/wasm/zstd.wasm":9579,"./node_modules/@lumino/polling/dist/index.es6.js":125,"./node_modules/base64-js/index.js":5155,"./node_modules/buffer/index.js":2486,"./node_modules/css-loader/dist/cjs.js!./style/index.css":2760,"./node_modules/css-loader/dist/runtime/api.js":352,"./node_modules/css-loader/dist/runtime/cssWithMappingToString.js":445,"./node_modules/d3-color/src/color.js":4174,"./node_modules/d3-color/src/define.js":7257,"./node_modules/d3-force-3d/src/index.js":8202,"./node_modules/d3-force-cluster-3d/dist/d3-force-cluster-3d.mjs":4505,"./node_modules/d3-interpolate/src/color.js":6039,"./node_modules/d3-interpolate/src/constant.js":1441,"./node_modules/d3-interpolate/src/rgb.js":8132,"./node_modules/d3-scale-chromatic/src/index.js":5829,"./node_modules/d3-scale/src/index.js":4226,"./node_modules/file-loader/dist/cjs.js!./node_modules/3d-force-graph/dist/3d-force-graph.js":7065,"./node_modules/file-loader/dist/cjs.js!./node_modules/force-graph/dist/force-graph.js":9460,"./node_modules/file-loader/dist/cjs.js!./node_modules/three-spritetext/dist/three-spritetext.js":9271,"./node_modules/file-loader/dist/cjs.js!./node_modules/three/build/three.js":5228,"./node_modules/ieee754/index.js":4525,"./node_modules/nunjucks/browser/nunjucks.js":9440,"./node_modules/process/browser.js":2530,"./node_modules/style-loader/dist/runtime/injectStylesIntoStyleTag.js":3379,"./style/index.css":7549,"webpack/container/entry/@jupyrdf/jupyter-forcegraph":5413,"webpack/sharing/consume/default/@bokuweb/zstd-wasm/@bokuweb/zstd-wasm":2739,"webpack/sharing/consume/default/@jupyter-widgets/base":647,"webpack/sharing/consume/default/@jupyterlab/apputils":6303,"webpack/sharing/consume/default/@lumino/coreutils":1526,"webpack/sharing/consume/default/@lumino/signaling":1840,"webpack/sharing/consume/default/buffer/buffer":6042,"webpack/sharing/consume/default/d3-force-3d/d3-force-3d":2874,"webpack/sharing/consume/default/d3-force-cluster-3d/d3-force-cluster-3d":7967,"webpack/sharing/consume/default/d3-scale-chromatic/d3-scale-chromatic":2303,"webpack/sharing/consume/default/d3-scale/d3-scale":4253,"webpack/sharing/consume/default/nunjucks/nunjucks":410,"webpack/sharing/provide/default/@bokuweb/zstd-wasm":8649,"webpack/sharing/provide/default/@jupyrdf/jupyter-forcegraph":5905,"webpack/sharing/provide/default/buffer":7442,"webpack/sharing/provide/default/d3-force-3d":2956,"webpack/sharing/provide/default/d3-force-cluster-3d":1099,"webpack/sharing/provide/default/d3-scale":4466,"webpack/sharing/provide/default/d3-scale-chromatic":4366,"webpack/sharing/provide/default/nunjucks":1886}